// !$*UTF8*$!
{
	archiveVersion = 1;
	classes = {
	};
	objectVersion = 77;
	objects = {

/* Begin PBXBuildFile section */
		CE5F4D8A2DDF4CF90066C970 /* KakaoMapsSDK-SPM in Frameworks */ = {isa = PBXBuildFile; productRef = CE5F4D892DDF4CF90066C970 /* KakaoMapsSDK-SPM */; };
		CE6C853C2DD71F22009E9343 /* KakaoSDKAuth in Frameworks */ = {isa = PBXBuildFile; productRef = CE6C853B2DD71F22009E9343 /* KakaoSDKAuth */; };
		CE6C853E2DD71F22009E9343 /* KakaoSDKCommon in Frameworks */ = {isa = PBXBuildFile; productRef = CE6C853D2DD71F22009E9343 /* KakaoSDKCommon */; };
		CE6C85402DD71F22009E9343 /* KakaoSDKUser in Frameworks */ = {isa = PBXBuildFile; productRef = CE6C853F2DD71F22009E9343 /* KakaoSDKUser */; };
		CEE183352DCF69D800A33B15 /* .gitignore in Resources */ = {isa = PBXBuildFile; fileRef = CEE183342DCF69D800A33B15 /* .gitignore */; };
/* End PBXBuildFile section */

/* Begin PBXCopyFilesBuildPhase section */
		CE84A0E42DDF1E5A004D0A70 /* Embed Frameworks */ = {
			isa = PBXCopyFilesBuildPhase;
			buildActionMask = 2147483647;
			dstPath = "";
			dstSubfolderSpec = 10;
			files = (
			);
			name = "Embed Frameworks";
			runOnlyForDeploymentPostprocessing = 0;
		};
/* End PBXCopyFilesBuildPhase section */

/* Begin PBXFileReference section */
		CE63B7972DD72DEE006ED30B /* Anlaka.entitlements */ = {isa = PBXFileReference; lastKnownFileType = text.plist.entitlements; path = Anlaka.entitlements; sourceTree = SOURCE_ROOT; };
		CEE183232DCF698300A33B15 /* Anlaka.app */ = {isa = PBXFileReference; explicitFileType = wrapper.application; includeInIndex = 0; path = Anlaka.app; sourceTree = BUILT_PRODUCTS_DIR; };
		CEE183342DCF69D800A33B15 /* .gitignore */ = {isa = PBXFileReference; lastKnownFileType = text; path = .gitignore; sourceTree = "<group>"; };
/* End PBXFileReference section */

/* Begin PBXFileSystemSynchronizedBuildFileExceptionSet section */
		CE6C85422DD72055009E9343 /* Exceptions for "Anlaka" folder in "Anlaka" target */ = {
			isa = PBXFileSystemSynchronizedBuildFileExceptionSet;
			membershipExceptions = (
				Info.plist,
			);
			target = CEE183222DCF698300A33B15 /* Anlaka */;
		};
/* End PBXFileSystemSynchronizedBuildFileExceptionSet section */

/* Begin PBXFileSystemSynchronizedRootGroup section */
		CEE183252DCF698300A33B15 /* Anlaka */ = {
			isa = PBXFileSystemSynchronizedRootGroup;
			exceptions = (
				CE6C85422DD72055009E9343 /* Exceptions for "Anlaka" folder in "Anlaka" target */,
			);
			path = Anlaka;
			sourceTree = "<group>";
		};
/* End PBXFileSystemSynchronizedRootGroup section */

/* Begin PBXFrameworksBuildPhase section */
		CEE183202DCF698300A33B15 /* Frameworks */ = {
			isa = PBXFrameworksBuildPhase;
			buildActionMask = 2147483647;
			files = (
				CE6C853E2DD71F22009E9343 /* KakaoSDKCommon in Frameworks */,
				CE6C853C2DD71F22009E9343 /* KakaoSDKAuth in Frameworks */,
				CE6C85402DD71F22009E9343 /* KakaoSDKUser in Frameworks */,
				CE5F4D8A2DDF4CF90066C970 /* KakaoMapsSDK-SPM in Frameworks */,
			);
			runOnlyForDeploymentPostprocessing = 0;
		};
/* End PBXFrameworksBuildPhase section */

/* Begin PBXGroup section */
		CEE1831A2DCF698300A33B15 = {
			isa = PBXGroup;
			children = (
				CE63B7972DD72DEE006ED30B /* Anlaka.entitlements */,
				CEE183342DCF69D800A33B15 /* .gitignore */,
				CEE183252DCF698300A33B15 /* Anlaka */,
				CEE183242DCF698300A33B15 /* Products */,
			);
			sourceTree = "<group>";
		};
		CEE183242DCF698300A33B15 /* Products */ = {
			isa = PBXGroup;
			children = (
				CEE183232DCF698300A33B15 /* Anlaka.app */,
			);
			name = Products;
			sourceTree = "<group>";
		};
/* End PBXGroup section */

/* Begin PBXNativeTarget section */
		CEE183222DCF698300A33B15 /* Anlaka */ = {
			isa = PBXNativeTarget;
			buildConfigurationList = CEE183312DCF698400A33B15 /* Build configuration list for PBXNativeTarget "Anlaka" */;
			buildPhases = (
				CEE1831F2DCF698300A33B15 /* Sources */,
				CEE183202DCF698300A33B15 /* Frameworks */,
				CEE183212DCF698300A33B15 /* Resources */,
				CE84A0E42DDF1E5A004D0A70 /* Embed Frameworks */,
			);
			buildRules = (
			);
			dependencies = (
			);
			fileSystemSynchronizedGroups = (
				CEE183252DCF698300A33B15 /* Anlaka */,
			);
			name = Anlaka;
			packageProductDependencies = (
				CE6C853B2DD71F22009E9343 /* KakaoSDKAuth */,
				CE6C853D2DD71F22009E9343 /* KakaoSDKCommon */,
				CE6C853F2DD71F22009E9343 /* KakaoSDKUser */,
				CE5F4D892DDF4CF90066C970 /* KakaoMapsSDK-SPM */,
			);
			productName = Anlaka;
			productReference = CEE183232DCF698300A33B15 /* Anlaka.app */;
			productType = "com.apple.product-type.application";
		};
/* End PBXNativeTarget section */

/* Begin PBXProject section */
		CEE1831B2DCF698300A33B15 /* Project object */ = {
			isa = PBXProject;
			attributes = {
				BuildIndependentTargetsInParallel = 1;
				LastSwiftUpdateCheck = 1620;
				LastUpgradeCheck = 1620;
				TargetAttributes = {
					CEE183222DCF698300A33B15 = {
						CreatedOnToolsVersion = 16.2;
					};
				};
			};
			buildConfigurationList = CEE1831E2DCF698300A33B15 /* Build configuration list for PBXProject "Anlaka" */;
			developmentRegion = ko;
			hasScannedForEncodings = 0;
			knownRegions = (
				en,
				Base,
				ko,
			);
			mainGroup = CEE1831A2DCF698300A33B15;
			minimizedProjectReferenceProxies = 1;
			packageReferences = (
				CE6C853A2DD71F22009E9343 /* XCRemoteSwiftPackageReference "kakao-ios-sdk" */,
				CE5F4D882DDF4CF90066C970 /* XCRemoteSwiftPackageReference "KakaoMapsSDK-SPM" */,
			);
			preferredProjectObjectVersion = 77;
			productRefGroup = CEE183242DCF698300A33B15 /* Products */;
			projectDirPath = "";
			projectRoot = "";
			targets = (
				CEE183222DCF698300A33B15 /* Anlaka */,
			);
		};
/* End PBXProject section */

/* Begin PBXResourcesBuildPhase section */
		CEE183212DCF698300A33B15 /* Resources */ = {
			isa = PBXResourcesBuildPhase;
			buildActionMask = 2147483647;
			files = (
				CEE183352DCF69D800A33B15 /* .gitignore in Resources */,
			);
			runOnlyForDeploymentPostprocessing = 0;
		};
/* End PBXResourcesBuildPhase section */

/* Begin PBXSourcesBuildPhase section */
		CEE1831F2DCF698300A33B15 /* Sources */ = {
			isa = PBXSourcesBuildPhase;
			buildActionMask = 2147483647;
			files = (
			);
			runOnlyForDeploymentPostprocessing = 0;
		};
/* End PBXSourcesBuildPhase section */

/* Begin XCBuildConfiguration section */
		CEE1832F2DCF698400A33B15 /* Debug */ = {
			isa = XCBuildConfiguration;
			baseConfigurationReferenceAnchor = CEE183252DCF698300A33B15 /* Anlaka */;
			baseConfigurationReferenceRelativePath = SecretConfig.xcconfig;
			buildSettings = {
				ALWAYS_SEARCH_USER_PATHS = NO;
				ASSETCATALOG_COMPILER_GENERATE_SWIFT_ASSET_SYMBOL_EXTENSIONS = YES;
				CLANG_ANALYZER_NONNULL = YES;
				CLANG_ANALYZER_NUMBER_OBJECT_CONVERSION = YES_AGGRESSIVE;
				CLANG_CXX_LANGUAGE_STANDARD = "gnu++20";
				CLANG_ENABLE_MODULES = YES;
				CLANG_ENABLE_OBJC_ARC = YES;
				CLANG_ENABLE_OBJC_WEAK = YES;
				CLANG_WARN_BLOCK_CAPTURE_AUTORELEASING = YES;
				CLANG_WARN_BOOL_CONVERSION = YES;
				CLANG_WARN_COMMA = YES;
				CLANG_WARN_CONSTANT_CONVERSION = YES;
				CLANG_WARN_DEPRECATED_OBJC_IMPLEMENTATIONS = YES;
				CLANG_WARN_DIRECT_OBJC_ISA_USAGE = YES_ERROR;
				CLANG_WARN_DOCUMENTATION_COMMENTS = YES;
				CLANG_WARN_EMPTY_BODY = YES;
				CLANG_WARN_ENUM_CONVERSION = YES;
				CLANG_WARN_INFINITE_RECURSION = YES;
				CLANG_WARN_INT_CONVERSION = YES;
				CLANG_WARN_NON_LITERAL_NULL_CONVERSION = YES;
				CLANG_WARN_OBJC_IMPLICIT_RETAIN_SELF = YES;
				CLANG_WARN_OBJC_LITERAL_CONVERSION = YES;
				CLANG_WARN_OBJC_ROOT_CLASS = YES_ERROR;
				CLANG_WARN_QUOTED_INCLUDE_IN_FRAMEWORK_HEADER = YES;
				CLANG_WARN_RANGE_LOOP_ANALYSIS = YES;
				CLANG_WARN_STRICT_PROTOTYPES = YES;
				CLANG_WARN_SUSPICIOUS_MOVE = YES;
				CLANG_WARN_UNGUARDED_AVAILABILITY = YES_AGGRESSIVE;
				CLANG_WARN_UNREACHABLE_CODE = YES;
				CLANG_WARN__DUPLICATE_METHOD_MATCH = YES;
				COPY_PHASE_STRIP = NO;
				DEBUG_INFORMATION_FORMAT = dwarf;
				ENABLE_STRICT_OBJC_MSGSEND = YES;
				ENABLE_TESTABILITY = YES;
				ENABLE_USER_SCRIPT_SANDBOXING = YES;
				GCC_C_LANGUAGE_STANDARD = gnu17;
				GCC_DYNAMIC_NO_PIC = NO;
				GCC_NO_COMMON_BLOCKS = YES;
				GCC_OPTIMIZATION_LEVEL = 0;
				GCC_PREPROCESSOR_DEFINITIONS = (
					"DEBUG=1",
					"$(inherited)",
				);
				GCC_WARN_64_TO_32_BIT_CONVERSION = YES;
				GCC_WARN_ABOUT_RETURN_TYPE = YES_ERROR;
				GCC_WARN_UNDECLARED_SELECTOR = YES;
				GCC_WARN_UNINITIALIZED_AUTOS = YES_AGGRESSIVE;
				GCC_WARN_UNUSED_FUNCTION = YES;
				GCC_WARN_UNUSED_VARIABLE = YES;
				IPHONEOS_DEPLOYMENT_TARGET = 18.2;
				LOCALIZATION_PREFERS_STRING_CATALOGS = YES;
				MTL_ENABLE_DEBUG_INFO = INCLUDE_SOURCE;
				MTL_FAST_MATH = YES;
				ONLY_ACTIVE_ARCH = YES;
				SDKROOT = iphoneos;
				SWIFT_ACTIVE_COMPILATION_CONDITIONS = "DEBUG $(inherited)";
				SWIFT_OPTIMIZATION_LEVEL = "-Onone";
			};
			name = Debug;
		};
		CEE183302DCF698400A33B15 /* Release */ = {
			isa = XCBuildConfiguration;
			buildSettings = {
				ALWAYS_SEARCH_USER_PATHS = NO;
				ASSETCATALOG_COMPILER_GENERATE_SWIFT_ASSET_SYMBOL_EXTENSIONS = YES;
				CLANG_ANALYZER_NONNULL = YES;
				CLANG_ANALYZER_NUMBER_OBJECT_CONVERSION = YES_AGGRESSIVE;
				CLANG_CXX_LANGUAGE_STANDARD = "gnu++20";
				CLANG_ENABLE_MODULES = YES;
				CLANG_ENABLE_OBJC_ARC = YES;
				CLANG_ENABLE_OBJC_WEAK = YES;
				CLANG_WARN_BLOCK_CAPTURE_AUTORELEASING = YES;
				CLANG_WARN_BOOL_CONVERSION = YES;
				CLANG_WARN_COMMA = YES;
				CLANG_WARN_CONSTANT_CONVERSION = YES;
				CLANG_WARN_DEPRECATED_OBJC_IMPLEMENTATIONS = YES;
				CLANG_WARN_DIRECT_OBJC_ISA_USAGE = YES_ERROR;
				CLANG_WARN_DOCUMENTATION_COMMENTS = YES;
				CLANG_WARN_EMPTY_BODY = YES;
				CLANG_WARN_ENUM_CONVERSION = YES;
				CLANG_WARN_INFINITE_RECURSION = YES;
				CLANG_WARN_INT_CONVERSION = YES;
				CLANG_WARN_NON_LITERAL_NULL_CONVERSION = YES;
				CLANG_WARN_OBJC_IMPLICIT_RETAIN_SELF = YES;
				CLANG_WARN_OBJC_LITERAL_CONVERSION = YES;
				CLANG_WARN_OBJC_ROOT_CLASS = YES_ERROR;
				CLANG_WARN_QUOTED_INCLUDE_IN_FRAMEWORK_HEADER = YES;
				CLANG_WARN_RANGE_LOOP_ANALYSIS = YES;
				CLANG_WARN_STRICT_PROTOTYPES = YES;
				CLANG_WARN_SUSPICIOUS_MOVE = YES;
				CLANG_WARN_UNGUARDED_AVAILABILITY = YES_AGGRESSIVE;
				CLANG_WARN_UNREACHABLE_CODE = YES;
				CLANG_WARN__DUPLICATE_METHOD_MATCH = YES;
				COPY_PHASE_STRIP = NO;
				DEBUG_INFORMATION_FORMAT = "dwarf-with-dsym";
				ENABLE_NS_ASSERTIONS = NO;
				ENABLE_STRICT_OBJC_MSGSEND = YES;
				ENABLE_USER_SCRIPT_SANDBOXING = YES;
				GCC_C_LANGUAGE_STANDARD = gnu17;
				GCC_NO_COMMON_BLOCKS = YES;
				GCC_WARN_64_TO_32_BIT_CONVERSION = YES;
				GCC_WARN_ABOUT_RETURN_TYPE = YES_ERROR;
				GCC_WARN_UNDECLARED_SELECTOR = YES;
				GCC_WARN_UNINITIALIZED_AUTOS = YES_AGGRESSIVE;
				GCC_WARN_UNUSED_FUNCTION = YES;
				GCC_WARN_UNUSED_VARIABLE = YES;
				IPHONEOS_DEPLOYMENT_TARGET = 18.2;
				LOCALIZATION_PREFERS_STRING_CATALOGS = YES;
				MTL_ENABLE_DEBUG_INFO = NO;
				MTL_FAST_MATH = YES;
				SDKROOT = iphoneos;
				SWIFT_COMPILATION_MODE = wholemodule;
				VALIDATE_PRODUCT = YES;
			};
			name = Release;
		};
		CEE183322DCF698400A33B15 /* Debug */ = {
			isa = XCBuildConfiguration;
			buildSettings = {
				ASSETCATALOG_COMPILER_APPICON_NAME = AppIcon;
				ASSETCATALOG_COMPILER_GLOBAL_ACCENT_COLOR_NAME = AccentColor;
				CODE_SIGN_ENTITLEMENTS = Anlaka.entitlements;
				CODE_SIGN_STYLE = Automatic;
				CURRENT_PROJECT_VERSION = 1;
				DEVELOPMENT_ASSET_PATHS = "\"Anlaka/Preview Content\"";
				DEVELOPMENT_TEAM = WLVCLJ283X;
				ENABLE_PREVIEWS = YES;
				GENERATE_INFOPLIST_FILE = YES;
				INFOPLIST_FILE = Anlaka/Info.plist;
				INFOPLIST_KEY_NSLocationWhenInUseUsageDescription = "주변 부동산 매물을 검색하기 위해 위치 정보가 필요합니다";
				INFOPLIST_KEY_UIApplicationSceneManifest_Generation = YES;
				INFOPLIST_KEY_UIApplicationSupportsIndirectInputEvents = YES;
				INFOPLIST_KEY_UILaunchScreen_Generation = YES;
				INFOPLIST_KEY_UISupportedInterfaceOrientations_iPad = "UIInterfaceOrientationPortrait UIInterfaceOrientationPortraitUpsideDown UIInterfaceOrientationLandscapeLeft UIInterfaceOrientationLandscapeRight";
				INFOPLIST_KEY_UISupportedInterfaceOrientations_iPhone = "UIInterfaceOrientationPortrait UIInterfaceOrientationLandscapeLeft UIInterfaceOrientationLandscapeRight";
				LD_RUNPATH_SEARCH_PATHS = (
					"$(inherited)",
					"@executable_path/Frameworks",
				);
				MARKETING_VERSION = 1.0;
				PRODUCT_BUNDLE_IDENTIFIER = me.choi.jeongan.Anlaka;
				PRODUCT_NAME = "$(TARGET_NAME)";
				SUPPORTED_PLATFORMS = "iphoneos iphonesimulator";
				SUPPORTS_MACCATALYST = NO;
				SUPPORTS_MAC_DESIGNED_FOR_IPHONE_IPAD = NO;
				SUPPORTS_XR_DESIGNED_FOR_IPHONE_IPAD = NO;
				SWIFT_EMIT_LOC_STRINGS = YES;
				SWIFT_VERSION = 5.0;
				TARGETED_DEVICE_FAMILY = 1;
			};
			name = Debug;
		};
		CEE183332DCF698400A33B15 /* Release */ = {
			isa = XCBuildConfiguration;
			buildSettings = {
				ASSETCATALOG_COMPILER_APPICON_NAME = AppIcon;
				ASSETCATALOG_COMPILER_GLOBAL_ACCENT_COLOR_NAME = AccentColor;
				CODE_SIGN_ENTITLEMENTS = Anlaka.entitlements;
				CODE_SIGN_STYLE = Automatic;
				CURRENT_PROJECT_VERSION = 1;
				DEVELOPMENT_ASSET_PATHS = "\"Anlaka/Preview Content\"";
				DEVELOPMENT_TEAM = WLVCLJ283X;
				ENABLE_PREVIEWS = YES;
				GENERATE_INFOPLIST_FILE = YES;
				INFOPLIST_FILE = Anlaka/Info.plist;
				INFOPLIST_KEY_NSLocationWhenInUseUsageDescription = "주변 부동산 매물을 검색하기 위해 위치 정보가 필요합니다";
				INFOPLIST_KEY_UIApplicationSceneManifest_Generation = YES;
				INFOPLIST_KEY_UIApplicationSupportsIndirectInputEvents = YES;
				INFOPLIST_KEY_UILaunchScreen_Generation = YES;
				INFOPLIST_KEY_UISupportedInterfaceOrientations_iPad = "UIInterfaceOrientationPortrait UIInterfaceOrientationPortraitUpsideDown UIInterfaceOrientationLandscapeLeft UIInterfaceOrientationLandscapeRight";
				INFOPLIST_KEY_UISupportedInterfaceOrientations_iPhone = "UIInterfaceOrientationPortrait UIInterfaceOrientationLandscapeLeft UIInterfaceOrientationLandscapeRight";
				LD_RUNPATH_SEARCH_PATHS = (
					"$(inherited)",
					"@executable_path/Frameworks",
				);
				MARKETING_VERSION = 1.0;
				PRODUCT_BUNDLE_IDENTIFIER = me.choi.jeongan.Anlaka;
				PRODUCT_NAME = "$(TARGET_NAME)";
				SUPPORTED_PLATFORMS = "iphoneos iphonesimulator";
				SUPPORTS_MACCATALYST = NO;
				SUPPORTS_MAC_DESIGNED_FOR_IPHONE_IPAD = NO;
				SUPPORTS_XR_DESIGNED_FOR_IPHONE_IPAD = NO;
				SWIFT_EMIT_LOC_STRINGS = YES;
				SWIFT_VERSION = 5.0;
				TARGETED_DEVICE_FAMILY = 1;
			};
			name = Release;
		};
/* End XCBuildConfiguration section */

/* Begin XCConfigurationList section */
		CEE1831E2DCF698300A33B15 /* Build configuration list for PBXProject "Anlaka" */ = {
			isa = XCConfigurationList;
			buildConfigurations = (
				CEE1832F2DCF698400A33B15 /* Debug */,
				CEE183302DCF698400A33B15 /* Release */,
			);
			defaultConfigurationIsVisible = 0;
			defaultConfigurationName = Release;
		};
		CEE183312DCF698400A33B15 /* Build configuration list for PBXNativeTarget "Anlaka" */ = {
			isa = XCConfigurationList;
			buildConfigurations = (
				CEE183322DCF698400A33B15 /* Debug */,
				CEE183332DCF698400A33B15 /* Release */,
			);
			defaultConfigurationIsVisible = 0;
			defaultConfigurationName = Release;
		};
/* End XCConfigurationList section */

/* Begin XCRemoteSwiftPackageReference section */
		CE5F4D882DDF4CF90066C970 /* XCRemoteSwiftPackageReference "KakaoMapsSDK-SPM" */ = {
			isa = XCRemoteSwiftPackageReference;
			repositoryURL = "https://github.com/kakao-mapsSDK/KakaoMapsSDK-SPM";
			requirement = {
				kind = upToNextMajorVersion;
				minimumVersion = 2.12.5;
			};
		};
		CE6C853A2DD71F22009E9343 /* XCRemoteSwiftPackageReference "kakao-ios-sdk" */ = {
			isa = XCRemoteSwiftPackageReference;
			repositoryURL = "https://github.com/kakao/kakao-ios-sdk";
			requirement = {
				kind = upToNextMajorVersion;
				minimumVersion = 2.24.2;
			};
		};
/* End XCRemoteSwiftPackageReference section */

/* Begin XCSwiftPackageProductDependency section */
		CE5F4D892DDF4CF90066C970 /* KakaoMapsSDK-SPM */ = {
			isa = XCSwiftPackageProductDependency;
			package = CE5F4D882DDF4CF90066C970 /* XCRemoteSwiftPackageReference "KakaoMapsSDK-SPM" */;
			productName = "KakaoMapsSDK-SPM";
		};
		CE6C853B2DD71F22009E9343 /* KakaoSDKAuth */ = {
			isa = XCSwiftPackageProductDependency;
			package = CE6C853A2DD71F22009E9343 /* XCRemoteSwiftPackageReference "kakao-ios-sdk" */;
			productName = KakaoSDKAuth;
		};
		CE6C853D2DD71F22009E9343 /* KakaoSDKCommon */ = {
			isa = XCSwiftPackageProductDependency;
			package = CE6C853A2DD71F22009E9343 /* XCRemoteSwiftPackageReference "kakao-ios-sdk" */;
			productName = KakaoSDKCommon;
		};
		CE6C853F2DD71F22009E9343 /* KakaoSDKUser */ = {
			isa = XCSwiftPackageProductDependency;
			package = CE6C853A2DD71F22009E9343 /* XCRemoteSwiftPackageReference "kakao-ios-sdk" */;
			productName = KakaoSDKUser;
		};
/* End XCSwiftPackageProductDependency section */
	};
	rootObject = CEE1831B2DCF698300A33B15 /* Project object */;
}
